
Microsoft Visual Studio Solution File, Format Version 12.00
# Visual Studio Version 17
VisualStudioVersion = 17.4.33205.214
MinimumVisualStudioVersion = 10.0.40219.1
Project("{FAE04EC0-301F-11D3-BF4B-00C04F79EFBC}") = "AprajitaRetails.Server", "AprajitaRetails\Server\AprajitaRetails.Server.csproj", "{326E1071-1773-41B2-BA31-724A001D0D01}"
EndProject
Project("{FAE04EC0-301F-11D3-BF4B-00C04F79EFBC}") = "AprajitaRetails.Client", "AprajitaRetails\Client\AprajitaRetails.Client.csproj", "{06D85981-0EBE-4BDF-A8EF-3733ACAFF0E5}"
EndProject
Project("{FAE04EC0-301F-11D3-BF4B-00C04F79EFBC}") = "AprajitaRetails.Shared", "AprajitaRetails\Shared\AprajitaRetails.Shared.csproj", "{5C96516D-2E92-4AF8-8923-146112FD38E3}"
EndProject
Global
	GlobalSection(SolutionConfigurationPlatforms) = preSolution
		Debug|Any CPU = Debug|Any CPU
		Release|Any CPU = Release|Any CPU
	EndGlobalSection
	GlobalSection(ProjectConfigurationPlatforms) = postSolution
		{326E1071-1773-41B2-BA31-724A001D0D01}.Debug|Any CPU.ActiveCfg = Debug|Any CPU
		{326E1071-1773-41B2-BA31-724A001D0D01}.Debug|Any CPU.Build.0 = Debug|Any CPU
		{326E1071-1773-41B2-BA31-724A001D0D01}.Release|Any CPU.ActiveCfg = Release|Any CPU
		{326E1071-1773-41B2-BA31-724A001D0D01}.Release|Any CPU.Build.0 = Release|Any CPU
		{06D85981-0EBE-4BDF-A8EF-3733ACAFF0E5}.Debug|Any CPU.ActiveCfg = Debug|Any CPU
		{06D85981-0EBE-4BDF-A8EF-3733ACAFF0E5}.Debug|Any CPU.Build.0 = Debug|Any CPU
		{06D85981-0EBE-4BDF-A8EF-3733ACAFF0E5}.Release|Any CPU.ActiveCfg = Release|Any CPU
		{06D85981-0EBE-4BDF-A8EF-3733ACAFF0E5}.Release|Any CPU.Build.0 = Release|Any CPU
		{5C96516D-2E92-4AF8-8923-146112FD38E3}.Debug|Any CPU.ActiveCfg = Debug|Any CPU
		{5C96516D-2E92-4AF8-8923-146112FD38E3}.Debug|Any CPU.Build.0 = Debug|Any CPU
		{5C96516D-2E92-4AF8-8923-146112FD38E3}.Release|Any CPU.ActiveCfg = Release|Any CPU
		{5C96516D-2E92-4AF8-8923-146112FD38E3}.Release|Any CPU.Build.0 = Release|Any CPU
	EndGlobalSection
	GlobalSection(SolutionProperties) = preSolution
		HideSolutionNode = FALSE
	EndGlobalSection
	GlobalSection(ExtensibilityGlobals) = postSolution
		SolutionGuid = {466E6B11-3675-4976-A6CF-C5E013CC7E95}
	EndGlobalSection
EndGlobal
