
Microsoft Visual Studio Solution File, Format Version 12.00
# Visual Studio Version 17
VisualStudioVersion = 17.4.33205.214
MinimumVisualStudioVersion = 10.0.40219.1
Project("{9A19103F-16F7-4668-BE54-9A1E7A4F7556}") = "AprajitaRetails.Server", "AprajitaRetails\Server\AprajitaRetails.Server.csproj", "{326E1071-1773-41B2-BA31-724A001D0D01}"
EndProject
Project("{9A19103F-16F7-4668-BE54-9A1E7A4F7556}") = "AprajitaRetails.Client", "AprajitaRetails\Client\AprajitaRetails.Client.csproj", "{06D85981-0EBE-4BDF-A8EF-3733ACAFF0E5}"
EndProject
Project("{9A19103F-16F7-4668-BE54-9A1E7A4F7556}") = "AprajitaRetails.Shared", "AprajitaRetails\Shared\AprajitaRetails.Shared.csproj", "{5C96516D-2E92-4AF8-8923-146112FD38E3}"
EndProject
Project("{2150E333-8FDC-42A3-9474-1A3956D46DE8}") = "Shared", "Shared", "{7299D3B0-5627-4FB2-87F0-4A9EEF21EB53}"
EndProject
Project("{9A19103F-16F7-4668-BE54-9A1E7A4F7556}") = "AprajitaRetails.BL", "AprajitaRetails.BL\AprajitaRetails.BL.csproj", "{6BCC7DCF-AADB-4460-977F-1AF4E40D046C}"
EndProject
Project("{2150E333-8FDC-42A3-9474-1A3956D46DE8}") = "Solution Items", "Solution Items", "{62EE9365-54C5-4B85-BF64-2F4033D5EA00}"
	ProjectSection(SolutionItems) = preProject
		.editorconfig = .editorconfig
	EndProjectSection
EndProject
Project("{2150E333-8FDC-42A3-9474-1A3956D46DE8}") = "ClientShared", "ClientShared", "{0FB83FB7-38CE-42B9-A3C6-48F8967BABAB}"
EndProject
Project("{9A19103F-16F7-4668-BE54-9A1E7A4F7556}") = "AprajitaRetails.UILib", "AprajitaRetails\ClientShared\AprajitaRetails.UILib\AprajitaRetails.UILib.csproj", "{6858C377-35FD-428D-8009-01A5A5765842}"
EndProject
Project("{9A19103F-16F7-4668-BE54-9A1E7A4F7556}") = "AprajitaRetails.Libs", "AprajitaRetails.Libs\AprajitaRetails.Libs.csproj", "{6434253B-07F2-4EF7-987B-B593E7C9424E}"
EndProject
Project("{2150E333-8FDC-42A3-9474-1A3956D46DE8}") = "UI", "UI", "{09B6DE17-08D1-4115-9C38-1B200E447461}"
EndProject
Project("{9A19103F-16F7-4668-BE54-9A1E7A4F7556}") = "AprajitaRetails.ClientUI", "AprajitaRetails.ClientUI\AprajitaRetails.ClientUI.csproj", "{C67673F0-3AAB-44F9-A6B5-8A46019FF346}"
EndProject
Project("{2150E333-8FDC-42A3-9474-1A3956D46DE8}") = "HelperProjects", "HelperProjects", "{ACBBC607-65DC-4EBD-AE2D-F7BBE2BA3070}"
EndProject
Project("{9A19103F-16F7-4668-BE54-9A1E7A4F7556}") = "AprajitaRetails.Services.InfoManager", "AprajitaRetails.Services.InfoManager\AprajitaRetails.Services.InfoManager.csproj", "{6D2CF8D4-01F4-4288-85D8-C16FEB436838}"
EndProject
Project("{FAE04EC0-301F-11D3-BF4B-00C04F79EFBC}") = "AprajitaRetails.Services.InfoManagerPrint", "AprajitaRetails.Services.InfoManagerPrint\AprajitaRetails.Services.InfoManagerPrint.csproj", "{3F24E76A-ADF2-4D74-9817-EDAF9A7E9E2B}"
EndProject
Global
	GlobalSection(SolutionConfigurationPlatforms) = preSolution
		Debug|Any CPU = Debug|Any CPU
		Debug|x64 = Debug|x64
		Release|Any CPU = Release|Any CPU
		Release|x64 = Release|x64
		ReleaseLinux|Any CPU = ReleaseLinux|Any CPU
		ReleaseLinux|x64 = ReleaseLinux|x64
	EndGlobalSection
	GlobalSection(ProjectConfigurationPlatforms) = postSolution
		{326E1071-1773-41B2-BA31-724A001D0D01}.Debug|Any CPU.ActiveCfg = Debug|Any CPU
		{326E1071-1773-41B2-BA31-724A001D0D01}.Debug|Any CPU.Build.0 = Debug|Any CPU
		{326E1071-1773-41B2-BA31-724A001D0D01}.Debug|x64.ActiveCfg = Debug|Any CPU
		{326E1071-1773-41B2-BA31-724A001D0D01}.Debug|x64.Build.0 = Debug|Any CPU
		{326E1071-1773-41B2-BA31-724A001D0D01}.Release|Any CPU.ActiveCfg = Release|Any CPU
		{326E1071-1773-41B2-BA31-724A001D0D01}.Release|Any CPU.Build.0 = Release|Any CPU
		{326E1071-1773-41B2-BA31-724A001D0D01}.Release|x64.ActiveCfg = Release|Any CPU
		{326E1071-1773-41B2-BA31-724A001D0D01}.Release|x64.Build.0 = Release|Any CPU
		{326E1071-1773-41B2-BA31-724A001D0D01}.ReleaseLinux|Any CPU.ActiveCfg = ReleaseLinux|Any CPU
		{326E1071-1773-41B2-BA31-724A001D0D01}.ReleaseLinux|Any CPU.Build.0 = ReleaseLinux|Any CPU
		{326E1071-1773-41B2-BA31-724A001D0D01}.ReleaseLinux|x64.ActiveCfg = ReleaseLinux|Any CPU
		{326E1071-1773-41B2-BA31-724A001D0D01}.ReleaseLinux|x64.Build.0 = ReleaseLinux|Any CPU
		{06D85981-0EBE-4BDF-A8EF-3733ACAFF0E5}.Debug|Any CPU.ActiveCfg = Debug|Any CPU
		{06D85981-0EBE-4BDF-A8EF-3733ACAFF0E5}.Debug|Any CPU.Build.0 = Debug|Any CPU
		{06D85981-0EBE-4BDF-A8EF-3733ACAFF0E5}.Debug|x64.ActiveCfg = Debug|Any CPU
		{06D85981-0EBE-4BDF-A8EF-3733ACAFF0E5}.Debug|x64.Build.0 = Debug|Any CPU
		{06D85981-0EBE-4BDF-A8EF-3733ACAFF0E5}.Release|Any CPU.ActiveCfg = Release|Any CPU
		{06D85981-0EBE-4BDF-A8EF-3733ACAFF0E5}.Release|Any CPU.Build.0 = Release|Any CPU
		{06D85981-0EBE-4BDF-A8EF-3733ACAFF0E5}.Release|x64.ActiveCfg = Release|Any CPU
		{06D85981-0EBE-4BDF-A8EF-3733ACAFF0E5}.Release|x64.Build.0 = Release|Any CPU
		{06D85981-0EBE-4BDF-A8EF-3733ACAFF0E5}.ReleaseLinux|Any CPU.ActiveCfg = ReleaseLinux|Any CPU
		{06D85981-0EBE-4BDF-A8EF-3733ACAFF0E5}.ReleaseLinux|Any CPU.Build.0 = ReleaseLinux|Any CPU
		{06D85981-0EBE-4BDF-A8EF-3733ACAFF0E5}.ReleaseLinux|x64.ActiveCfg = ReleaseLinux|Any CPU
		{06D85981-0EBE-4BDF-A8EF-3733ACAFF0E5}.ReleaseLinux|x64.Build.0 = ReleaseLinux|Any CPU
		{5C96516D-2E92-4AF8-8923-146112FD38E3}.Debug|Any CPU.ActiveCfg = Debug|Any CPU
		{5C96516D-2E92-4AF8-8923-146112FD38E3}.Debug|Any CPU.Build.0 = Debug|Any CPU
		{5C96516D-2E92-4AF8-8923-146112FD38E3}.Debug|x64.ActiveCfg = Debug|Any CPU
		{5C96516D-2E92-4AF8-8923-146112FD38E3}.Debug|x64.Build.0 = Debug|Any CPU
		{5C96516D-2E92-4AF8-8923-146112FD38E3}.Release|Any CPU.ActiveCfg = Release|Any CPU
		{5C96516D-2E92-4AF8-8923-146112FD38E3}.Release|Any CPU.Build.0 = Release|Any CPU
		{5C96516D-2E92-4AF8-8923-146112FD38E3}.Release|x64.ActiveCfg = Release|Any CPU
		{5C96516D-2E92-4AF8-8923-146112FD38E3}.Release|x64.Build.0 = Release|Any CPU
		{5C96516D-2E92-4AF8-8923-146112FD38E3}.ReleaseLinux|Any CPU.ActiveCfg = ReleaseLinux|Any CPU
		{5C96516D-2E92-4AF8-8923-146112FD38E3}.ReleaseLinux|Any CPU.Build.0 = ReleaseLinux|Any CPU
		{5C96516D-2E92-4AF8-8923-146112FD38E3}.ReleaseLinux|x64.ActiveCfg = ReleaseLinux|Any CPU
		{5C96516D-2E92-4AF8-8923-146112FD38E3}.ReleaseLinux|x64.Build.0 = ReleaseLinux|Any CPU
		{6BCC7DCF-AADB-4460-977F-1AF4E40D046C}.Debug|Any CPU.ActiveCfg = Debug|Any CPU
		{6BCC7DCF-AADB-4460-977F-1AF4E40D046C}.Debug|Any CPU.Build.0 = Debug|Any CPU
		{6BCC7DCF-AADB-4460-977F-1AF4E40D046C}.Debug|x64.ActiveCfg = Debug|x64
		{6BCC7DCF-AADB-4460-977F-1AF4E40D046C}.Debug|x64.Build.0 = Debug|x64
		{6BCC7DCF-AADB-4460-977F-1AF4E40D046C}.Release|Any CPU.ActiveCfg = Release|Any CPU
		{6BCC7DCF-AADB-4460-977F-1AF4E40D046C}.Release|Any CPU.Build.0 = Release|Any CPU
		{6BCC7DCF-AADB-4460-977F-1AF4E40D046C}.Release|x64.ActiveCfg = Release|x64
		{6BCC7DCF-AADB-4460-977F-1AF4E40D046C}.Release|x64.Build.0 = Release|x64
		{6BCC7DCF-AADB-4460-977F-1AF4E40D046C}.ReleaseLinux|Any CPU.ActiveCfg = ReleaseLinux|Any CPU
		{6BCC7DCF-AADB-4460-977F-1AF4E40D046C}.ReleaseLinux|Any CPU.Build.0 = ReleaseLinux|Any CPU
		{6BCC7DCF-AADB-4460-977F-1AF4E40D046C}.ReleaseLinux|x64.ActiveCfg = ReleaseLinux|Any CPU
		{6BCC7DCF-AADB-4460-977F-1AF4E40D046C}.ReleaseLinux|x64.Build.0 = ReleaseLinux|Any CPU
		{6858C377-35FD-428D-8009-01A5A5765842}.Debug|Any CPU.ActiveCfg = Debug|Any CPU
		{6858C377-35FD-428D-8009-01A5A5765842}.Debug|Any CPU.Build.0 = Debug|Any CPU
		{6858C377-35FD-428D-8009-01A5A5765842}.Debug|x64.ActiveCfg = Debug|Any CPU
		{6858C377-35FD-428D-8009-01A5A5765842}.Debug|x64.Build.0 = Debug|Any CPU
		{6858C377-35FD-428D-8009-01A5A5765842}.Release|Any CPU.ActiveCfg = Release|Any CPU
		{6858C377-35FD-428D-8009-01A5A5765842}.Release|Any CPU.Build.0 = Release|Any CPU
		{6858C377-35FD-428D-8009-01A5A5765842}.Release|x64.ActiveCfg = Release|Any CPU
		{6858C377-35FD-428D-8009-01A5A5765842}.Release|x64.Build.0 = Release|Any CPU
		{6858C377-35FD-428D-8009-01A5A5765842}.ReleaseLinux|Any CPU.ActiveCfg = ReleaseLinux|Any CPU
		{6858C377-35FD-428D-8009-01A5A5765842}.ReleaseLinux|Any CPU.Build.0 = ReleaseLinux|Any CPU
		{6858C377-35FD-428D-8009-01A5A5765842}.ReleaseLinux|x64.ActiveCfg = ReleaseLinux|Any CPU
		{6858C377-35FD-428D-8009-01A5A5765842}.ReleaseLinux|x64.Build.0 = ReleaseLinux|Any CPU
		{6434253B-07F2-4EF7-987B-B593E7C9424E}.Debug|Any CPU.ActiveCfg = Debug|Any CPU
		{6434253B-07F2-4EF7-987B-B593E7C9424E}.Debug|Any CPU.Build.0 = Debug|Any CPU
		{6434253B-07F2-4EF7-987B-B593E7C9424E}.Debug|x64.ActiveCfg = Debug|Any CPU
		{6434253B-07F2-4EF7-987B-B593E7C9424E}.Debug|x64.Build.0 = Debug|Any CPU
		{6434253B-07F2-4EF7-987B-B593E7C9424E}.Release|Any CPU.ActiveCfg = Release|Any CPU
		{6434253B-07F2-4EF7-987B-B593E7C9424E}.Release|Any CPU.Build.0 = Release|Any CPU
		{6434253B-07F2-4EF7-987B-B593E7C9424E}.Release|x64.ActiveCfg = Release|Any CPU
		{6434253B-07F2-4EF7-987B-B593E7C9424E}.Release|x64.Build.0 = Release|Any CPU
		{6434253B-07F2-4EF7-987B-B593E7C9424E}.ReleaseLinux|Any CPU.ActiveCfg = ReleaseLinux|Any CPU
		{6434253B-07F2-4EF7-987B-B593E7C9424E}.ReleaseLinux|Any CPU.Build.0 = ReleaseLinux|Any CPU
		{6434253B-07F2-4EF7-987B-B593E7C9424E}.ReleaseLinux|x64.ActiveCfg = ReleaseLinux|Any CPU
		{6434253B-07F2-4EF7-987B-B593E7C9424E}.ReleaseLinux|x64.Build.0 = ReleaseLinux|Any CPU
		{C67673F0-3AAB-44F9-A6B5-8A46019FF346}.Debug|Any CPU.ActiveCfg = Debug|Any CPU
		{C67673F0-3AAB-44F9-A6B5-8A46019FF346}.Debug|Any CPU.Build.0 = Debug|Any CPU
		{C67673F0-3AAB-44F9-A6B5-8A46019FF346}.Debug|x64.ActiveCfg = Debug|Any CPU
		{C67673F0-3AAB-44F9-A6B5-8A46019FF346}.Debug|x64.Build.0 = Debug|Any CPU
		{C67673F0-3AAB-44F9-A6B5-8A46019FF346}.Release|Any CPU.ActiveCfg = Release|Any CPU
		{C67673F0-3AAB-44F9-A6B5-8A46019FF346}.Release|Any CPU.Build.0 = Release|Any CPU
		{C67673F0-3AAB-44F9-A6B5-8A46019FF346}.Release|x64.ActiveCfg = Release|Any CPU
		{C67673F0-3AAB-44F9-A6B5-8A46019FF346}.Release|x64.Build.0 = Release|Any CPU
		{C67673F0-3AAB-44F9-A6B5-8A46019FF346}.ReleaseLinux|Any CPU.ActiveCfg = ReleaseLinux|Any CPU
		{C67673F0-3AAB-44F9-A6B5-8A46019FF346}.ReleaseLinux|Any CPU.Build.0 = ReleaseLinux|Any CPU
		{C67673F0-3AAB-44F9-A6B5-8A46019FF346}.ReleaseLinux|x64.ActiveCfg = ReleaseLinux|Any CPU
		{C67673F0-3AAB-44F9-A6B5-8A46019FF346}.ReleaseLinux|x64.Build.0 = ReleaseLinux|Any CPU
		{6D2CF8D4-01F4-4288-85D8-C16FEB436838}.Debug|Any CPU.ActiveCfg = Debug|Any CPU
		{6D2CF8D4-01F4-4288-85D8-C16FEB436838}.Debug|Any CPU.Build.0 = Debug|Any CPU
		{6D2CF8D4-01F4-4288-85D8-C16FEB436838}.Debug|x64.ActiveCfg = Debug|Any CPU
		{6D2CF8D4-01F4-4288-85D8-C16FEB436838}.Debug|x64.Build.0 = Debug|Any CPU
		{6D2CF8D4-01F4-4288-85D8-C16FEB436838}.Release|Any CPU.ActiveCfg = Release|Any CPU
		{6D2CF8D4-01F4-4288-85D8-C16FEB436838}.Release|Any CPU.Build.0 = Release|Any CPU
		{6D2CF8D4-01F4-4288-85D8-C16FEB436838}.Release|x64.ActiveCfg = Release|Any CPU
		{6D2CF8D4-01F4-4288-85D8-C16FEB436838}.Release|x64.Build.0 = Release|Any CPU
		{6D2CF8D4-01F4-4288-85D8-C16FEB436838}.ReleaseLinux|Any CPU.ActiveCfg = Release|Any CPU
		{6D2CF8D4-01F4-4288-85D8-C16FEB436838}.ReleaseLinux|Any CPU.Build.0 = Release|Any CPU
		{6D2CF8D4-01F4-4288-85D8-C16FEB436838}.ReleaseLinux|x64.ActiveCfg = Release|Any CPU
		{6D2CF8D4-01F4-4288-85D8-C16FEB436838}.ReleaseLinux|x64.Build.0 = Release|Any CPU
		{3F24E76A-ADF2-4D74-9817-EDAF9A7E9E2B}.Debug|Any CPU.ActiveCfg = Debug|Any CPU
		{3F24E76A-ADF2-4D74-9817-EDAF9A7E9E2B}.Debug|Any CPU.Build.0 = Debug|Any CPU
		{3F24E76A-ADF2-4D74-9817-EDAF9A7E9E2B}.Debug|x64.ActiveCfg = Debug|Any CPU
		{3F24E76A-ADF2-4D74-9817-EDAF9A7E9E2B}.Debug|x64.Build.0 = Debug|Any CPU
		{3F24E76A-ADF2-4D74-9817-EDAF9A7E9E2B}.Release|Any CPU.ActiveCfg = Release|Any CPU
		{3F24E76A-ADF2-4D74-9817-EDAF9A7E9E2B}.Release|Any CPU.Build.0 = Release|Any CPU
		{3F24E76A-ADF2-4D74-9817-EDAF9A7E9E2B}.Release|x64.ActiveCfg = Release|Any CPU
		{3F24E76A-ADF2-4D74-9817-EDAF9A7E9E2B}.Release|x64.Build.0 = Release|Any CPU
		{3F24E76A-ADF2-4D74-9817-EDAF9A7E9E2B}.ReleaseLinux|Any CPU.ActiveCfg = Release|Any CPU
		{3F24E76A-ADF2-4D74-9817-EDAF9A7E9E2B}.ReleaseLinux|Any CPU.Build.0 = Release|Any CPU
		{3F24E76A-ADF2-4D74-9817-EDAF9A7E9E2B}.ReleaseLinux|x64.ActiveCfg = Release|Any CPU
		{3F24E76A-ADF2-4D74-9817-EDAF9A7E9E2B}.ReleaseLinux|x64.Build.0 = Release|Any CPU
	EndGlobalSection
	GlobalSection(SolutionProperties) = preSolution
		HideSolutionNode = FALSE
	EndGlobalSection
	GlobalSection(NestedProjects) = preSolution
		{6858C377-35FD-428D-8009-01A5A5765842} = {0FB83FB7-38CE-42B9-A3C6-48F8967BABAB}
		{6434253B-07F2-4EF7-987B-B593E7C9424E} = {0FB83FB7-38CE-42B9-A3C6-48F8967BABAB}
		{C67673F0-3AAB-44F9-A6B5-8A46019FF346} = {09B6DE17-08D1-4115-9C38-1B200E447461}
		{6D2CF8D4-01F4-4288-85D8-C16FEB436838} = {ACBBC607-65DC-4EBD-AE2D-F7BBE2BA3070}
		{3F24E76A-ADF2-4D74-9817-EDAF9A7E9E2B} = {ACBBC607-65DC-4EBD-AE2D-F7BBE2BA3070}
	EndGlobalSection
	GlobalSection(ExtensibilityGlobals) = postSolution
		SolutionGuid = {466E6B11-3675-4976-A6CF-C5E013CC7E95}
	EndGlobalSection
EndGlobal
