
Microsoft Visual Studio Solution File, Format Version 12.00
# Visual Studio Version 17
VisualStudioVersion = 17.4.33205.214
MinimumVisualStudioVersion = 10.0.40219.1
Project("{9A19103F-16F7-4668-BE54-9A1E7A4F7556}") = "Aprajita Retails", "Aprajita Retails\Aprajita Retails.csproj", "{75999DA2-AA15-4360-A60F-91A3D57A62BE}"
EndProject
Global
	GlobalSection(SolutionConfigurationPlatforms) = preSolution
		Debug|Any CPU = Debug|Any CPU
		Release|Any CPU = Release|Any CPU
	EndGlobalSection
	GlobalSection(ProjectConfigurationPlatforms) = postSolution
		{75999DA2-AA15-4360-A60F-91A3D57A62BE}.Debug|Any CPU.ActiveCfg = Debug|Any CPU
		{75999DA2-AA15-4360-A60F-91A3D57A62BE}.Debug|Any CPU.Build.0 = Debug|Any CPU
		{75999DA2-AA15-4360-A60F-91A3D57A62BE}.Release|Any CPU.ActiveCfg = Release|Any CPU
		{75999DA2-AA15-4360-A60F-91A3D57A62BE}.Release|Any CPU.Build.0 = Release|Any CPU
	EndGlobalSection
	GlobalSection(SolutionProperties) = preSolution
		HideSolutionNode = FALSE
	EndGlobalSection
	GlobalSection(ExtensibilityGlobals) = postSolution
		SolutionGuid = {73206ACC-FBF4-4A0A-8D09-E91E0CA8E318}
	EndGlobalSection
EndGlobal
